
Microsoft Visual Studio Solution File, Format Version 12.00
# Visual Studio 15
VisualStudioVersion = 15.0.28307.645
MinimumVisualStudioVersion = 10.0.40219.1
Project("{FAE04EC0-301F-11D3-BF4B-00C04F79EFBC}") = "oAuthXamarin.Android", "oAuthXamarin\oAuthXamarin.Android\oAuthXamarin.Android.csproj", "{1EBD256D-29C1-41E8-B2F5-8250A2E9F9CC}"
EndProject
Project("{FAE04EC0-301F-11D3-BF4B-00C04F79EFBC}") = "oAuthXamarin.iOS", "oAuthXamarin\oAuthXamarin.iOS\oAuthXamarin.iOS.csproj", "{2ED1618C-BEF3-4D05-B2DD-1823AC252E33}"
EndProject
Project("{FAE04EC0-301F-11D3-BF4B-00C04F79EFBC}") = "oAuthXamarin", "oAuthXamarin\oAuthXamarin\oAuthXamarin.csproj", "{313755DA-E9F3-4D4E-B7E5-7C0D46537F34}"
EndProject
Global
	GlobalSection(SolutionConfigurationPlatforms) = preSolution
		Ad-Hoc|Any CPU = Ad-Hoc|Any CPU
		Ad-Hoc|iPhone = Ad-Hoc|iPhone
		Ad-Hoc|iPhoneSimulator = Ad-Hoc|iPhoneSimulator
		AppStore|Any CPU = AppStore|Any CPU
		AppStore|iPhone = AppStore|iPhone
		AppStore|iPhoneSimulator = AppStore|iPhoneSimulator
		Debug|Any CPU = Debug|Any CPU
		Debug|iPhone = Debug|iPhone
		Debug|iPhoneSimulator = Debug|iPhoneSimulator
		Release|Any CPU = Release|Any CPU
		Release|iPhone = Release|iPhone
		Release|iPhoneSimulator = Release|iPhoneSimulator
	EndGlobalSection
	GlobalSection(ProjectConfigurationPlatforms) = postSolution
		{1EBD256D-29C1-41E8-B2F5-8250A2E9F9CC}.Ad-Hoc|Any CPU.ActiveCfg = Release|Any CPU
		{1EBD256D-29C1-41E8-B2F5-8250A2E9F9CC}.Ad-Hoc|Any CPU.Build.0 = Release|Any CPU
		{1EBD256D-29C1-41E8-B2F5-8250A2E9F9CC}.Ad-Hoc|Any CPU.Deploy.0 = Release|Any CPU
		{1EBD256D-29C1-41E8-B2F5-8250A2E9F9CC}.Ad-Hoc|iPhone.ActiveCfg = Release|Any CPU
		{1EBD256D-29C1-41E8-B2F5-8250A2E9F9CC}.Ad-Hoc|iPhone.Build.0 = Release|Any CPU
		{1EBD256D-29C1-41E8-B2F5-8250A2E9F9CC}.Ad-Hoc|iPhone.Deploy.0 = Release|Any CPU
		{1EBD256D-29C1-41E8-B2F5-8250A2E9F9CC}.Ad-Hoc|iPhoneSimulator.ActiveCfg = Release|Any CPU
		{1EBD256D-29C1-41E8-B2F5-8250A2E9F9CC}.Ad-Hoc|iPhoneSimulator.Build.0 = Release|Any CPU
		{1EBD256D-29C1-41E8-B2F5-8250A2E9F9CC}.Ad-Hoc|iPhoneSimulator.Deploy.0 = Release|Any CPU
		{1EBD256D-29C1-41E8-B2F5-8250A2E9F9CC}.AppStore|Any CPU.ActiveCfg = Release|Any CPU
		{1EBD256D-29C1-41E8-B2F5-8250A2E9F9CC}.AppStore|Any CPU.Build.0 = Release|Any CPU
		{1EBD256D-29C1-41E8-B2F5-8250A2E9F9CC}.AppStore|Any CPU.Deploy.0 = Release|Any CPU
		{1EBD256D-29C1-41E8-B2F5-8250A2E9F9CC}.AppStore|iPhone.ActiveCfg = Release|Any CPU
		{1EBD256D-29C1-41E8-B2F5-8250A2E9F9CC}.AppStore|iPhone.Build.0 = Release|Any CPU
		{1EBD256D-29C1-41E8-B2F5-8250A2E9F9CC}.AppStore|iPhone.Deploy.0 = Release|Any CPU
		{1EBD256D-29C1-41E8-B2F5-8250A2E9F9CC}.AppStore|iPhoneSimulator.ActiveCfg = Release|Any CPU
		{1EBD256D-29C1-41E8-B2F5-8250A2E9F9CC}.AppStore|iPhoneSimulator.Build.0 = Release|Any CPU
		{1EBD256D-29C1-41E8-B2F5-8250A2E9F9CC}.AppStore|iPhoneSimulator.Deploy.0 = Release|Any CPU
		{1EBD256D-29C1-41E8-B2F5-8250A2E9F9CC}.Debug|Any CPU.ActiveCfg = Debug|Any CPU
		{1EBD256D-29C1-41E8-B2F5-8250A2E9F9CC}.Debug|Any CPU.Build.0 = Debug|Any CPU
		{1EBD256D-29C1-41E8-B2F5-8250A2E9F9CC}.Debug|Any CPU.Deploy.0 = Debug|Any CPU
		{1EBD256D-29C1-41E8-B2F5-8250A2E9F9CC}.Debug|iPhone.ActiveCfg = Debug|Any CPU
		{1EBD256D-29C1-41E8-B2F5-8250A2E9F9CC}.Debug|iPhone.Build.0 = Debug|Any CPU
		{1EBD256D-29C1-41E8-B2F5-8250A2E9F9CC}.Debug|iPhone.Deploy.0 = Debug|Any CPU
		{1EBD256D-29C1-41E8-B2F5-8250A2E9F9CC}.Debug|iPhoneSimulator.ActiveCfg = Debug|Any CPU
		{1EBD256D-29C1-41E8-B2F5-8250A2E9F9CC}.Debug|iPhoneSimulator.Build.0 = Debug|Any CPU
		{1EBD256D-29C1-41E8-B2F5-8250A2E9F9CC}.Debug|iPhoneSimulator.Deploy.0 = Debug|Any CPU
		{1EBD256D-29C1-41E8-B2F5-8250A2E9F9CC}.Release|Any CPU.ActiveCfg = Release|Any CPU
		{1EBD256D-29C1-41E8-B2F5-8250A2E9F9CC}.Release|Any CPU.Build.0 = Release|Any CPU
		{1EBD256D-29C1-41E8-B2F5-8250A2E9F9CC}.Release|Any CPU.Deploy.0 = Release|Any CPU
		{1EBD256D-29C1-41E8-B2F5-8250A2E9F9CC}.Release|iPhone.ActiveCfg = Release|Any CPU
		{1EBD256D-29C1-41E8-B2F5-8250A2E9F9CC}.Release|iPhone.Build.0 = Release|Any CPU
		{1EBD256D-29C1-41E8-B2F5-8250A2E9F9CC}.Release|iPhone.Deploy.0 = Release|Any CPU
		{1EBD256D-29C1-41E8-B2F5-8250A2E9F9CC}.Release|iPhoneSimulator.ActiveCfg = Release|Any CPU
		{1EBD256D-29C1-41E8-B2F5-8250A2E9F9CC}.Release|iPhoneSimulator.Build.0 = Release|Any CPU
		{1EBD256D-29C1-41E8-B2F5-8250A2E9F9CC}.Release|iPhoneSimulator.Deploy.0 = Release|Any CPU
		{2ED1618C-BEF3-4D05-B2DD-1823AC252E33}.Ad-Hoc|Any CPU.ActiveCfg = Ad-Hoc|iPhone
		{2ED1618C-BEF3-4D05-B2DD-1823AC252E33}.Ad-Hoc|Any CPU.Build.0 = Ad-Hoc|iPhone
		{2ED1618C-BEF3-4D05-B2DD-1823AC252E33}.Ad-Hoc|Any CPU.Deploy.0 = Ad-Hoc|iPhone
		{2ED1618C-BEF3-4D05-B2DD-1823AC252E33}.Ad-Hoc|iPhone.ActiveCfg = Ad-Hoc|iPhone
		{2ED1618C-BEF3-4D05-B2DD-1823AC252E33}.Ad-Hoc|iPhone.Build.0 = Ad-Hoc|iPhone
		{2ED1618C-BEF3-4D05-B2DD-1823AC252E33}.Ad-Hoc|iPhone.Deploy.0 = Ad-Hoc|iPhone
		{2ED1618C-BEF3-4D05-B2DD-1823AC252E33}.Ad-Hoc|iPhoneSimulator.ActiveCfg = Ad-Hoc|iPhoneSimulator
		{2ED1618C-BEF3-4D05-B2DD-1823AC252E33}.Ad-Hoc|iPhoneSimulator.Build.0 = Ad-Hoc|iPhoneSimulator
		{2ED1618C-BEF3-4D05-B2DD-1823AC252E33}.Ad-Hoc|iPhoneSimulator.Deploy.0 = Ad-Hoc|iPhoneSimulator
		{2ED1618C-BEF3-4D05-B2DD-1823AC252E33}.AppStore|Any CPU.ActiveCfg = AppStore|iPhone
		{2ED1618C-BEF3-4D05-B2DD-1823AC252E33}.AppStore|Any CPU.Build.0 = AppStore|iPhone
		{2ED1618C-BEF3-4D05-B2DD-1823AC252E33}.AppStore|Any CPU.Deploy.0 = AppStore|iPhone
		{2ED1618C-BEF3-4D05-B2DD-1823AC252E33}.AppStore|iPhone.ActiveCfg = AppStore|iPhone
		{2ED1618C-BEF3-4D05-B2DD-1823AC252E33}.AppStore|iPhone.Build.0 = AppStore|iPhone
		{2ED1618C-BEF3-4D05-B2DD-1823AC252E33}.AppStore|iPhone.Deploy.0 = AppStore|iPhone
		{2ED1618C-BEF3-4D05-B2DD-1823AC252E33}.AppStore|iPhoneSimulator.ActiveCfg = AppStore|iPhoneSimulator
		{2ED1618C-BEF3-4D05-B2DD-1823AC252E33}.AppStore|iPhoneSimulator.Build.0 = AppStore|iPhoneSimulator
		{2ED1618C-BEF3-4D05-B2DD-1823AC252E33}.AppStore|iPhoneSimulator.Deploy.0 = AppStore|iPhoneSimulator
		{2ED1618C-BEF3-4D05-B2DD-1823AC252E33}.Debug|Any CPU.ActiveCfg = Debug|iPhoneSimulator
		{2ED1618C-BEF3-4D05-B2DD-1823AC252E33}.Debug|Any CPU.Build.0 = Debug|iPhoneSimulator
		{2ED1618C-BEF3-4D05-B2DD-1823AC252E33}.Debug|Any CPU.Deploy.0 = Debug|iPhoneSimulator
		{2ED1618C-BEF3-4D05-B2DD-1823AC252E33}.Debug|iPhone.ActiveCfg = Debug|iPhone
		{2ED1618C-BEF3-4D05-B2DD-1823AC252E33}.Debug|iPhone.Build.0 = Debug|iPhone
		{2ED1618C-BEF3-4D05-B2DD-1823AC252E33}.Debug|iPhone.Deploy.0 = Debug|iPhone
		{2ED1618C-BEF3-4D05-B2DD-1823AC252E33}.Debug|iPhoneSimulator.ActiveCfg = Debug|iPhoneSimulator
		{2ED1618C-BEF3-4D05-B2DD-1823AC252E33}.Debug|iPhoneSimulator.Build.0 = Debug|iPhoneSimulator
		{2ED1618C-BEF3-4D05-B2DD-1823AC252E33}.Debug|iPhoneSimulator.Deploy.0 = Debug|iPhoneSimulator
		{2ED1618C-BEF3-4D05-B2DD-1823AC252E33}.Release|Any CPU.ActiveCfg = Release|iPhone
		{2ED1618C-BEF3-4D05-B2DD-1823AC252E33}.Release|Any CPU.Build.0 = Release|iPhone
		{2ED1618C-BEF3-4D05-B2DD-1823AC252E33}.Release|Any CPU.Deploy.0 = Release|iPhone
		{2ED1618C-BEF3-4D05-B2DD-1823AC252E33}.Release|iPhone.ActiveCfg = Release|iPhone
		{2ED1618C-BEF3-4D05-B2DD-1823AC252E33}.Release|iPhone.Build.0 = Release|iPhone
		{2ED1618C-BEF3-4D05-B2DD-1823AC252E33}.Release|iPhone.Deploy.0 = Release|iPhone
		{2ED1618C-BEF3-4D05-B2DD-1823AC252E33}.Release|iPhoneSimulator.ActiveCfg = Release|iPhoneSimulator
		{2ED1618C-BEF3-4D05-B2DD-1823AC252E33}.Release|iPhoneSimulator.Build.0 = Release|iPhoneSimulator
		{2ED1618C-BEF3-4D05-B2DD-1823AC252E33}.Release|iPhoneSimulator.Deploy.0 = Release|iPhoneSimulator
		{313755DA-E9F3-4D4E-B7E5-7C0D46537F34}.Ad-Hoc|Any CPU.ActiveCfg = Debug|Any CPU
		{313755DA-E9F3-4D4E-B7E5-7C0D46537F34}.Ad-Hoc|Any CPU.Build.0 = Debug|Any CPU
		{313755DA-E9F3-4D4E-B7E5-7C0D46537F34}.Ad-Hoc|Any CPU.Deploy.0 = Debug|Any CPU
		{313755DA-E9F3-4D4E-B7E5-7C0D46537F34}.Ad-Hoc|iPhone.ActiveCfg = Debug|Any CPU
		{313755DA-E9F3-4D4E-B7E5-7C0D46537F34}.Ad-Hoc|iPhone.Build.0 = Debug|Any CPU
		{313755DA-E9F3-4D4E-B7E5-7C0D46537F34}.Ad-Hoc|iPhone.Deploy.0 = Debug|Any CPU
		{313755DA-E9F3-4D4E-B7E5-7C0D46537F34}.Ad-Hoc|iPhoneSimulator.ActiveCfg = Debug|Any CPU
		{313755DA-E9F3-4D4E-B7E5-7C0D46537F34}.Ad-Hoc|iPhoneSimulator.Build.0 = Debug|Any CPU
		{313755DA-E9F3-4D4E-B7E5-7C0D46537F34}.Ad-Hoc|iPhoneSimulator.Deploy.0 = Debug|Any CPU
		{313755DA-E9F3-4D4E-B7E5-7C0D46537F34}.AppStore|Any CPU.ActiveCfg = Debug|Any CPU
		{313755DA-E9F3-4D4E-B7E5-7C0D46537F34}.AppStore|Any CPU.Build.0 = Debug|Any CPU
		{313755DA-E9F3-4D4E-B7E5-7C0D46537F34}.AppStore|Any CPU.Deploy.0 = Debug|Any CPU
		{313755DA-E9F3-4D4E-B7E5-7C0D46537F34}.AppStore|iPhone.ActiveCfg = Debug|Any CPU
		{313755DA-E9F3-4D4E-B7E5-7C0D46537F34}.AppStore|iPhone.Build.0 = Debug|Any CPU
		{313755DA-E9F3-4D4E-B7E5-7C0D46537F34}.AppStore|iPhone.Deploy.0 = Debug|Any CPU
		{313755DA-E9F3-4D4E-B7E5-7C0D46537F34}.AppStore|iPhoneSimulator.ActiveCfg = Debug|Any CPU
		{313755DA-E9F3-4D4E-B7E5-7C0D46537F34}.AppStore|iPhoneSimulator.Build.0 = Debug|Any CPU
		{313755DA-E9F3-4D4E-B7E5-7C0D46537F34}.AppStore|iPhoneSimulator.Deploy.0 = Debug|Any CPU
		{313755DA-E9F3-4D4E-B7E5-7C0D46537F34}.Debug|Any CPU.ActiveCfg = Debug|Any CPU
		{313755DA-E9F3-4D4E-B7E5-7C0D46537F34}.Debug|Any CPU.Build.0 = Debug|Any CPU
		{313755DA-E9F3-4D4E-B7E5-7C0D46537F34}.Debug|Any CPU.Deploy.0 = Debug|Any CPU
		{313755DA-E9F3-4D4E-B7E5-7C0D46537F34}.Debug|iPhone.ActiveCfg = Debug|Any CPU
		{313755DA-E9F3-4D4E-B7E5-7C0D46537F34}.Debug|iPhone.Build.0 = Debug|Any CPU
		{313755DA-E9F3-4D4E-B7E5-7C0D46537F34}.Debug|iPhone.Deploy.0 = Debug|Any CPU
		{313755DA-E9F3-4D4E-B7E5-7C0D46537F34}.Debug|iPhoneSimulator.ActiveCfg = Debug|Any CPU
		{313755DA-E9F3-4D4E-B7E5-7C0D46537F34}.Debug|iPhoneSimulator.Build.0 = Debug|Any CPU
		{313755DA-E9F3-4D4E-B7E5-7C0D46537F34}.Debug|iPhoneSimulator.Deploy.0 = Debug|Any CPU
		{313755DA-E9F3-4D4E-B7E5-7C0D46537F34}.Release|Any CPU.ActiveCfg = Release|Any CPU
		{313755DA-E9F3-4D4E-B7E5-7C0D46537F34}.Release|Any CPU.Build.0 = Release|Any CPU
		{313755DA-E9F3-4D4E-B7E5-7C0D46537F34}.Release|Any CPU.Deploy.0 = Release|Any CPU
		{313755DA-E9F3-4D4E-B7E5-7C0D46537F34}.Release|iPhone.ActiveCfg = Release|Any CPU
		{313755DA-E9F3-4D4E-B7E5-7C0D46537F34}.Release|iPhone.Build.0 = Release|Any CPU
		{313755DA-E9F3-4D4E-B7E5-7C0D46537F34}.Release|iPhone.Deploy.0 = Release|Any CPU
		{313755DA-E9F3-4D4E-B7E5-7C0D46537F34}.Release|iPhoneSimulator.ActiveCfg = Release|Any CPU
		{313755DA-E9F3-4D4E-B7E5-7C0D46537F34}.Release|iPhoneSimulator.Build.0 = Release|Any CPU
		{313755DA-E9F3-4D4E-B7E5-7C0D46537F34}.Release|iPhoneSimulator.Deploy.0 = Release|Any CPU
	EndGlobalSection
	GlobalSection(SolutionProperties) = preSolution
		HideSolutionNode = FALSE
	EndGlobalSection
	GlobalSection(ExtensibilityGlobals) = postSolution
		SolutionGuid = {889F2C44-0DF6-4427-A01D-E9168C70EBCD}
	EndGlobalSection
EndGlobal
